
Microsoft Visual Studio Solution File, Format Version 12.00
# Visual Studio Version 16
VisualStudioVersion = 16.0.31702.278
MinimumVisualStudioVersion = 10.0.40219.1
Project("{FAE04EC0-301F-11D3-BF4B-00C04F79EFBC}") = "ConsoleApp", "ConsoleApp\ConsoleApp.csproj", "{C605392D-D7A6-48F1-A806-E6BC874297AB}"
EndProject
Global
	GlobalSection(SolutionConfigurationPlatforms) = preSolution
		Debug|Any CPU = Debug|Any CPU
		Release|Any CPU = Release|Any CPU
	EndGlobalSection
	GlobalSection(ProjectConfigurationPlatforms) = postSolution
		{C605392D-D7A6-48F1-A806-E6BC874297AB}.Debug|Any CPU.ActiveCfg = Debug|Any CPU
		{C605392D-D7A6-48F1-A806-E6BC874297AB}.Debug|Any CPU.Build.0 = Debug|Any CPU
		{C605392D-D7A6-48F1-A806-E6BC874297AB}.Release|Any CPU.ActiveCfg = Release|Any CPU
		{C605392D-D7A6-48F1-A806-E6BC874297AB}.Release|Any CPU.Build.0 = Release|Any CPU
	EndGlobalSection
	GlobalSection(SolutionProperties) = preSolution
		HideSolutionNode = FALSE
	EndGlobalSection
	GlobalSection(ExtensibilityGlobals) = postSolution
		SolutionGuid = {DF343FF0-3A1C-4D5A-980D-FFD244522991}
	EndGlobalSection
EndGlobal
