
Microsoft Visual Studio Solution File, Format Version 12.00
# Visual Studio Version 16
VisualStudioVersion = 16.0.31702.278
MinimumVisualStudioVersion = 10.0.40219.1
Project("{FAE04EC0-301F-11D3-BF4B-00C04F79EFBC}") = "ConsoleApp", "ConsoleApp\ConsoleApp.csproj", "{64200B5D-8F99-4876-945C-97144640CE15}"
EndProject
Global
	GlobalSection(SolutionConfigurationPlatforms) = preSolution
		Debug|Any CPU = Debug|Any CPU
		Release|Any CPU = Release|Any CPU
	EndGlobalSection
	GlobalSection(ProjectConfigurationPlatforms) = postSolution
		{64200B5D-8F99-4876-945C-97144640CE15}.Debug|Any CPU.ActiveCfg = Debug|Any CPU
		{64200B5D-8F99-4876-945C-97144640CE15}.Debug|Any CPU.Build.0 = Debug|Any CPU
		{64200B5D-8F99-4876-945C-97144640CE15}.Release|Any CPU.ActiveCfg = Release|Any CPU
		{64200B5D-8F99-4876-945C-97144640CE15}.Release|Any CPU.Build.0 = Release|Any CPU
	EndGlobalSection
	GlobalSection(SolutionProperties) = preSolution
		HideSolutionNode = FALSE
	EndGlobalSection
	GlobalSection(ExtensibilityGlobals) = postSolution
		SolutionGuid = {2E2CF145-89A6-415D-9AF8-D35B0276FCC2}
	EndGlobalSection
EndGlobal
